
Microsoft Visual Studio Solution File, Format Version 12.00
# Visual Studio Version 17
VisualStudioVersion = 17.6.33829.357
MinimumVisualStudioVersion = 10.0.40219.1
Project("{FAE04EC0-301F-11D3-BF4B-00C04F79EFBC}") = "GlogGenerator", "GlogGenerator\GlogGenerator.csproj", "{9040525D-934F-4FC4-BC5A-19660E5B6A9C}"
EndProject
Global
	GlobalSection(SolutionConfigurationPlatforms) = preSolution
		Debug|Any CPU = Debug|Any CPU
		Release|Any CPU = Release|Any CPU
	EndGlobalSection
	GlobalSection(ProjectConfigurationPlatforms) = postSolution
		{9040525D-934F-4FC4-BC5A-19660E5B6A9C}.Debug|Any CPU.ActiveCfg = Debug|Any CPU
		{9040525D-934F-4FC4-BC5A-19660E5B6A9C}.Debug|Any CPU.Build.0 = Debug|Any CPU
		{9040525D-934F-4FC4-BC5A-19660E5B6A9C}.Release|Any CPU.ActiveCfg = Release|Any CPU
		{9040525D-934F-4FC4-BC5A-19660E5B6A9C}.Release|Any CPU.Build.0 = Release|Any CPU
	EndGlobalSection
	GlobalSection(SolutionProperties) = preSolution
		HideSolutionNode = FALSE
	EndGlobalSection
	GlobalSection(ExtensibilityGlobals) = postSolution
		SolutionGuid = {19CB8F50-4FF7-4C37-8255-2F453E403134}
	EndGlobalSection
EndGlobal
